
Microsoft Visual Studio Solution File, Format Version 12.00
# Visual Studio Version 16
VisualStudioVersion = 16.0.30804.86
MinimumVisualStudioVersion = 10.0.40219.1
Project("{9A19103F-16F7-4668-BE54-9A1E7A4F7556}") = "RPGCharacterCreatorServer", "RPGCharacterCreator\RPGCharacterCreatorServer.csproj", "{BE2F92B0-AB5C-4280-8CFC-F230C668B35C}"
EndProject
Project("{FAE04EC0-301F-11D3-BF4B-00C04F79EFBC}") = "RPGCharacterCreatorClient", "RPGCharacterCreatorClient\RPGCharacterCreatorClient.csproj", "{D0426FA8-8A75-40F3-9F63-36A55E909AFE}"
EndProject
Global
	GlobalSection(SolutionConfigurationPlatforms) = preSolution
		Debug|Any CPU = Debug|Any CPU
		Release|Any CPU = Release|Any CPU
	EndGlobalSection
	GlobalSection(ProjectConfigurationPlatforms) = postSolution
		{BE2F92B0-AB5C-4280-8CFC-F230C668B35C}.Debug|Any CPU.ActiveCfg = Debug|Any CPU
		{BE2F92B0-AB5C-4280-8CFC-F230C668B35C}.Debug|Any CPU.Build.0 = Debug|Any CPU
		{BE2F92B0-AB5C-4280-8CFC-F230C668B35C}.Release|Any CPU.ActiveCfg = Release|Any CPU
		{BE2F92B0-AB5C-4280-8CFC-F230C668B35C}.Release|Any CPU.Build.0 = Release|Any CPU
		{D0426FA8-8A75-40F3-9F63-36A55E909AFE}.Debug|Any CPU.ActiveCfg = Debug|Any CPU
		{D0426FA8-8A75-40F3-9F63-36A55E909AFE}.Debug|Any CPU.Build.0 = Debug|Any CPU
		{D0426FA8-8A75-40F3-9F63-36A55E909AFE}.Release|Any CPU.ActiveCfg = Release|Any CPU
		{D0426FA8-8A75-40F3-9F63-36A55E909AFE}.Release|Any CPU.Build.0 = Release|Any CPU
	EndGlobalSection
	GlobalSection(SolutionProperties) = preSolution
		HideSolutionNode = FALSE
	EndGlobalSection
	GlobalSection(ExtensibilityGlobals) = postSolution
		SolutionGuid = {01485746-796C-4FAD-81CC-D556C354BB36}
	EndGlobalSection
EndGlobal
